
Microsoft Visual Studio Solution File, Format Version 12.00
# Visual Studio Version 17
VisualStudioVersion = 17.7.34221.43
MinimumVisualStudioVersion = 10.0.40219.1
Project("{FAE04EC0-301F-11D3-BF4B-00C04F79EFBC}") = "TimeLibrary", "TimeLibrary\TimeLibrary.csproj", "{6F6492B1-B03C-46D2-BF30-F50CDE46F9D2}"
EndProject
Project("{FAE04EC0-301F-11D3-BF4B-00C04F79EFBC}") = "TimeLibraryTest", "TimeLibraryTest\TimeLibraryTest.csproj", "{EDC0947C-78F2-4272-8AEB-1C665F3D083F}"
EndProject
Global
	GlobalSection(SolutionConfigurationPlatforms) = preSolution
		Debug|Any CPU = Debug|Any CPU
		Release|Any CPU = Release|Any CPU
	EndGlobalSection
	GlobalSection(ProjectConfigurationPlatforms) = postSolution
		{6F6492B1-B03C-46D2-BF30-F50CDE46F9D2}.Debug|Any CPU.ActiveCfg = Debug|Any CPU
		{6F6492B1-B03C-46D2-BF30-F50CDE46F9D2}.Debug|Any CPU.Build.0 = Debug|Any CPU
		{6F6492B1-B03C-46D2-BF30-F50CDE46F9D2}.Release|Any CPU.ActiveCfg = Release|Any CPU
		{6F6492B1-B03C-46D2-BF30-F50CDE46F9D2}.Release|Any CPU.Build.0 = Release|Any CPU
		{EDC0947C-78F2-4272-8AEB-1C665F3D083F}.Debug|Any CPU.ActiveCfg = Debug|Any CPU
		{EDC0947C-78F2-4272-8AEB-1C665F3D083F}.Debug|Any CPU.Build.0 = Debug|Any CPU
		{EDC0947C-78F2-4272-8AEB-1C665F3D083F}.Release|Any CPU.ActiveCfg = Release|Any CPU
		{EDC0947C-78F2-4272-8AEB-1C665F3D083F}.Release|Any CPU.Build.0 = Release|Any CPU
	EndGlobalSection
	GlobalSection(SolutionProperties) = preSolution
		HideSolutionNode = FALSE
	EndGlobalSection
	GlobalSection(ExtensibilityGlobals) = postSolution
		SolutionGuid = {A987F632-8FF3-4317-B669-617DCC65A205}
	EndGlobalSection
EndGlobal
